// !$*UTF8*$!
{
	archiveVersion = 1;
	classes = {
	};
	objectVersion = 46;
	objects = {

/* Begin PBXBuildFile section */
		9979EBC319C47B3200229666 /* extensions.swift in Sources */ = {isa = PBXBuildFile; fileRef = 9979EBBB19C47B3200229666 /* extensions.swift */; };
		9979EBC519C47B3200229666 /* OAuth2.swift in Sources */ = {isa = PBXBuildFile; fileRef = 9979EBBE19C47B3200229666 /* OAuth2.swift */; };
		9979EBC619C47B3200229666 /* OAuth2CodeGrant.swift in Sources */ = {isa = PBXBuildFile; fileRef = 9979EBBF19C47B3200229666 /* OAuth2CodeGrant.swift */; };
		9979EBC719C47B3200229666 /* OAuth2ImplicitGrant.swift in Sources */ = {isa = PBXBuildFile; fileRef = 9979EBC019C47B3200229666 /* OAuth2ImplicitGrant.swift */; };
		9979EBC819C47B3200229666 /* OAuth2Request.swift in Sources */ = {isa = PBXBuildFile; fileRef = 9979EBC119C47B3200229666 /* OAuth2Request.swift */; };
		9979EBCB19C4848600229666 /* RinikExtensions.swift in Sources */ = {isa = PBXBuildFile; fileRef = 9979EBCA19C4848600229666 /* RinikExtensions.swift */; };
		9979EBCD19C4859400229666 /* AuthController.swift in Sources */ = {isa = PBXBuildFile; fileRef = 9979EBCC19C4859400229666 /* AuthController.swift */; };
		99B2F52419CC534B00FBDD69 /* GithubClient.swift in Sources */ = {isa = PBXBuildFile; fileRef = 99B2F52319CC534B00FBDD69 /* GithubClient.swift */; };
		99B2F52E19CC555800FBDD69 /* Alamofire.framework in Frameworks */ = {isa = PBXBuildFile; fileRef = 99B2F52B19CC553100FBDD69 /* Alamofire.framework */; };
		99B2F53019CC557500FBDD69 /* Alamofire.framework in Copy Frameworks */ = {isa = PBXBuildFile; fileRef = 99B2F52B19CC553100FBDD69 /* Alamofire.framework */; settings = {ATTRIBUTES = (CodeSignOnCopy, RemoveHeadersOnCopy, ); }; };
		99B838C319C3214B00E4D0FE /* main.swift in Sources */ = {isa = PBXBuildFile; fileRef = 99B838C219C3214B00E4D0FE /* main.swift */; };
		99B838C519C3214B00E4D0FE /* ViewController.swift in Sources */ = {isa = PBXBuildFile; fileRef = 99B838C419C3214B00E4D0FE /* ViewController.swift */; };
		99B838C719C3214B00E4D0FE /* AppDelegate.swift in Sources */ = {isa = PBXBuildFile; fileRef = 99B838C619C3214B00E4D0FE /* AppDelegate.swift */; };
		99B838C919C3214B00E4D0FE /* Images.xcassets in Resources */ = {isa = PBXBuildFile; fileRef = 99B838C819C3214B00E4D0FE /* Images.xcassets */; };
		99B838CC19C3214B00E4D0FE /* Main.storyboard in Resources */ = {isa = PBXBuildFile; fileRef = 99B838CA19C3214B00E4D0FE /* Main.storyboard */; };
		99B838D819C3214B00E4D0FE /* PunktTests.swift in Sources */ = {isa = PBXBuildFile; fileRef = 99B838D719C3214B00E4D0FE /* PunktTests.swift */; };
		99B838E219C322E600E4D0FE /* TableDelegate.swift in Sources */ = {isa = PBXBuildFile; fileRef = 99B838E119C322E600E4D0FE /* TableDelegate.swift */; };
		99B838E419C3241F00E4D0FE /* BoxKit.swift in Sources */ = {isa = PBXBuildFile; fileRef = 99B838E319C3241F00E4D0FE /* BoxKit.swift */; };
		99B838E619C3242B00E4D0FE /* Dollar.swift in Sources */ = {isa = PBXBuildFile; fileRef = 99B838E519C3242B00E4D0FE /* Dollar.swift */; };
		99B838EA19C32D7C00E4D0FE /* NSColor+Hex.m in Sources */ = {isa = PBXBuildFile; fileRef = 99B838E919C32D7C00E4D0FE /* NSColor+Hex.m */; };
		99E61DC719CC5CF9009FA914 /* Models.swift in Sources */ = {isa = PBXBuildFile; fileRef = 99E61DC619CC5CF9009FA914 /* Models.swift */; };
/* End PBXBuildFile section */

/* Begin PBXContainerItemProxy section */
		99B2F52A19CC553100FBDD69 /* PBXContainerItemProxy */ = {
			isa = PBXContainerItemProxy;
			containerPortal = 99B2F52519CC553100FBDD69 /* Alamofire.xcodeproj */;
			proxyType = 2;
			remoteGlobalIDString = F8111E3319A95C8B0040E7D1;
			remoteInfo = Alamofire;
		};
		99B2F52C19CC553100FBDD69 /* PBXContainerItemProxy */ = {
			isa = PBXContainerItemProxy;
			containerPortal = 99B2F52519CC553100FBDD69 /* Alamofire.xcodeproj */;
			proxyType = 2;
			remoteGlobalIDString = F8111E3E19A95C8B0040E7D1;
			remoteInfo = AlamofireTests;
		};
		99B838D219C3214B00E4D0FE /* PBXContainerItemProxy */ = {
			isa = PBXContainerItemProxy;
			containerPortal = 99B838B519C3214B00E4D0FE /* Project object */;
			proxyType = 1;
			remoteGlobalIDString = 99B838BC19C3214B00E4D0FE;
			remoteInfo = Punkt;
		};
/* End PBXContainerItemProxy section */

/* Begin PBXCopyFilesBuildPhase section */
		99B2F52F19CC556200FBDD69 /* Copy Frameworks */ = {
			isa = PBXCopyFilesBuildPhase;
			buildActionMask = 2147483647;
			dstPath = "";
			dstSubfolderSpec = 10;
			files = (
				99B2F53019CC557500FBDD69 /* Alamofire.framework in Copy Frameworks */,
			);
			name = "Copy Frameworks";
			runOnlyForDeploymentPostprocessing = 0;
		};
/* End PBXCopyFilesBuildPhase section */

/* Begin PBXFileReference section */
		9979EBBB19C47B3200229666 /* extensions.swift */ = {isa = PBXFileReference; fileEncoding = 4; lastKnownFileType = sourcecode.swift; path = extensions.swift; sourceTree = "<group>"; };
		9979EBBD19C47B3200229666 /* OAuth2.h */ = {isa = PBXFileReference; fileEncoding = 4; lastKnownFileType = sourcecode.c.h; path = OAuth2.h; sourceTree = "<group>"; };
		9979EBBE19C47B3200229666 /* OAuth2.swift */ = {isa = PBXFileReference; fileEncoding = 4; lastKnownFileType = sourcecode.swift; path = OAuth2.swift; sourceTree = "<group>"; };
		9979EBBF19C47B3200229666 /* OAuth2CodeGrant.swift */ = {isa = PBXFileReference; fileEncoding = 4; lastKnownFileType = sourcecode.swift; path = OAuth2CodeGrant.swift; sourceTree = "<group>"; };
		9979EBC019C47B3200229666 /* OAuth2ImplicitGrant.swift */ = {isa = PBXFileReference; fileEncoding = 4; lastKnownFileType = sourcecode.swift; path = OAuth2ImplicitGrant.swift; sourceTree = "<group>"; };
		9979EBC119C47B3200229666 /* OAuth2Request.swift */ = {isa = PBXFileReference; fileEncoding = 4; lastKnownFileType = sourcecode.swift; path = OAuth2Request.swift; sourceTree = "<group>"; };
		9979EBCA19C4848600229666 /* RinikExtensions.swift */ = {isa = PBXFileReference; fileEncoding = 4; lastKnownFileType = sourcecode.swift; path = RinikExtensions.swift; sourceTree = "<group>"; };
		9979EBCC19C4859400229666 /* AuthController.swift */ = {isa = PBXFileReference; fileEncoding = 4; lastKnownFileType = sourcecode.swift; path = AuthController.swift; sourceTree = "<group>"; };
		99B2F52319CC534B00FBDD69 /* GithubClient.swift */ = {isa = PBXFileReference; fileEncoding = 4; lastKnownFileType = sourcecode.swift; path = GithubClient.swift; sourceTree = "<group>"; };
		99B2F52519CC553100FBDD69 /* Alamofire.xcodeproj */ = {isa = PBXFileReference; lastKnownFileType = "wrapper.pb-project"; name = Alamofire.xcodeproj; path = Alamofire/Alamofire.xcodeproj; sourceTree = SOURCE_ROOT; };
		99B838BD19C3214B00E4D0FE /* Punkt.app */ = {isa = PBXFileReference; explicitFileType = wrapper.application; includeInIndex = 0; path = Punkt.app; sourceTree = BUILT_PRODUCTS_DIR; };
		99B838C119C3214B00E4D0FE /* Info.plist */ = {isa = PBXFileReference; lastKnownFileType = text.plist.xml; path = Info.plist; sourceTree = "<group>"; };
		99B838C219C3214B00E4D0FE /* main.swift */ = {isa = PBXFileReference; lastKnownFileType = sourcecode.swift; path = main.swift; sourceTree = "<group>"; };
		99B838C419C3214B00E4D0FE /* ViewController.swift */ = {isa = PBXFileReference; lastKnownFileType = sourcecode.swift; path = ViewController.swift; sourceTree = "<group>"; };
		99B838C619C3214B00E4D0FE /* AppDelegate.swift */ = {isa = PBXFileReference; lastKnownFileType = sourcecode.swift; path = AppDelegate.swift; sourceTree = "<group>"; };
		99B838C819C3214B00E4D0FE /* Images.xcassets */ = {isa = PBXFileReference; lastKnownFileType = folder.assetcatalog; path = Images.xcassets; sourceTree = "<group>"; };
		99B838CB19C3214B00E4D0FE /* Base */ = {isa = PBXFileReference; lastKnownFileType = file.storyboard; name = Base; path = Base.lproj/Main.storyboard; sourceTree = "<group>"; };
		99B838D119C3214B00E4D0FE /* PunktTests.xctest */ = {isa = PBXFileReference; explicitFileType = wrapper.cfbundle; includeInIndex = 0; path = PunktTests.xctest; sourceTree = BUILT_PRODUCTS_DIR; };
		99B838D619C3214B00E4D0FE /* Info.plist */ = {isa = PBXFileReference; lastKnownFileType = text.plist.xml; path = Info.plist; sourceTree = "<group>"; };
		99B838D719C3214B00E4D0FE /* PunktTests.swift */ = {isa = PBXFileReference; lastKnownFileType = sourcecode.swift; path = PunktTests.swift; sourceTree = "<group>"; };
		99B838E119C322E600E4D0FE /* TableDelegate.swift */ = {isa = PBXFileReference; fileEncoding = 4; lastKnownFileType = sourcecode.swift; path = TableDelegate.swift; sourceTree = "<group>"; };
		99B838E319C3241F00E4D0FE /* BoxKit.swift */ = {isa = PBXFileReference; fileEncoding = 4; lastKnownFileType = sourcecode.swift; path = BoxKit.swift; sourceTree = "<group>"; };
		99B838E519C3242B00E4D0FE /* Dollar.swift */ = {isa = PBXFileReference; fileEncoding = 4; lastKnownFileType = sourcecode.swift; path = Dollar.swift; sourceTree = "<group>"; };
		99B838E719C32D7B00E4D0FE /* Punkt-Bridging-Header.h */ = {isa = PBXFileReference; lastKnownFileType = sourcecode.c.h; path = "Punkt-Bridging-Header.h"; sourceTree = "<group>"; };
		99B838E819C32D7C00E4D0FE /* NSColor+Hex.h */ = {isa = PBXFileReference; fileEncoding = 4; lastKnownFileType = sourcecode.c.h; path = "NSColor+Hex.h"; sourceTree = "<group>"; };
		99B838E919C32D7C00E4D0FE /* NSColor+Hex.m */ = {isa = PBXFileReference; fileEncoding = 4; lastKnownFileType = sourcecode.c.objc; path = "NSColor+Hex.m"; sourceTree = "<group>"; };
		99E61DC619CC5CF9009FA914 /* Models.swift */ = {isa = PBXFileReference; fileEncoding = 4; lastKnownFileType = sourcecode.swift; path = Models.swift; sourceTree = "<group>"; };
/* End PBXFileReference section */

/* Begin PBXFrameworksBuildPhase section */
		99B838BA19C3214B00E4D0FE /* Frameworks */ = {
			isa = PBXFrameworksBuildPhase;
			buildActionMask = 2147483647;
			files = (
				99B2F52E19CC555800FBDD69 /* Alamofire.framework in Frameworks */,
			);
			runOnlyForDeploymentPostprocessing = 0;
		};
		99B838CE19C3214B00E4D0FE /* Frameworks */ = {
			isa = PBXFrameworksBuildPhase;
			buildActionMask = 2147483647;
			files = (
			);
			runOnlyForDeploymentPostprocessing = 0;
		};
/* End PBXFrameworksBuildPhase section */

/* Begin PBXGroup section */
		9979EBBA19C47B3200229666 /* OAuth2 */ = {
			isa = PBXGroup;
			children = (
				9979EBBB19C47B3200229666 /* extensions.swift */,
				9979EBBD19C47B3200229666 /* OAuth2.h */,
				9979EBBE19C47B3200229666 /* OAuth2.swift */,
				9979EBBF19C47B3200229666 /* OAuth2CodeGrant.swift */,
				9979EBC019C47B3200229666 /* OAuth2ImplicitGrant.swift */,
				9979EBC119C47B3200229666 /* OAuth2Request.swift */,
			);
			path = OAuth2;
			sourceTree = "<group>";
		};
		99B2F52619CC553100FBDD69 /* Products */ = {
			isa = PBXGroup;
			children = (
				99B2F52B19CC553100FBDD69 /* Alamofire.framework */,
				99B2F52D19CC553100FBDD69 /* AlamofireTests.xctest */,
			);
			name = Products;
			sourceTree = "<group>";
		};
		99B838B419C3214B00E4D0FE = {
			isa = PBXGroup;
			children = (
				99B838BF19C3214B00E4D0FE /* Punkt */,
				99B838D419C3214B00E4D0FE /* PunktTests */,
				99B838BE19C3214B00E4D0FE /* Products */,
			);
			sourceTree = "<group>";
		};
		99B838BE19C3214B00E4D0FE /* Products */ = {
			isa = PBXGroup;
			children = (
				99B838BD19C3214B00E4D0FE /* Punkt.app */,
				99B838D119C3214B00E4D0FE /* PunktTests.xctest */,
			);
			name = Products;
			sourceTree = "<group>";
		};
		99B838BF19C3214B00E4D0FE /* Punkt */ = {
			isa = PBXGroup;
			children = (
				99B2F52519CC553100FBDD69 /* Alamofire.xcodeproj */,
				9979EBBA19C47B3200229666 /* OAuth2 */,
				99B838E819C32D7C00E4D0FE /* NSColor+Hex.h */,
				99B838E919C32D7C00E4D0FE /* NSColor+Hex.m */,
				99B838C419C3214B00E4D0FE /* ViewController.swift */,
				9979EBCC19C4859400229666 /* AuthController.swift */,
				99B838C619C3214B00E4D0FE /* AppDelegate.swift */,
				99B838C819C3214B00E4D0FE /* Images.xcassets */,
				99B838CA19C3214B00E4D0FE /* Main.storyboard */,
				99B838C019C3214B00E4D0FE /* Supporting Files */,
				99B838E119C322E600E4D0FE /* TableDelegate.swift */,
				99E61DC619CC5CF9009FA914 /* Models.swift */,
				99B838E319C3241F00E4D0FE /* BoxKit.swift */,
				99B838E519C3242B00E4D0FE /* Dollar.swift */,
				99B838E719C32D7B00E4D0FE /* Punkt-Bridging-Header.h */,
				9979EBCA19C4848600229666 /* RinikExtensions.swift */,
				99B2F52319CC534B00FBDD69 /* GithubClient.swift */,
			);
			path = Punkt;
			sourceTree = "<group>";
		};
		99B838C019C3214B00E4D0FE /* Supporting Files */ = {
			isa = PBXGroup;
			children = (
				99B838C119C3214B00E4D0FE /* Info.plist */,
				99B838C219C3214B00E4D0FE /* main.swift */,
			);
			name = "Supporting Files";
			sourceTree = "<group>";
		};
		99B838D419C3214B00E4D0FE /* PunktTests */ = {
			isa = PBXGroup;
			children = (
				99B838D719C3214B00E4D0FE /* PunktTests.swift */,
				99B838D519C3214B00E4D0FE /* Supporting Files */,
			);
			path = PunktTests;
			sourceTree = "<group>";
		};
		99B838D519C3214B00E4D0FE /* Supporting Files */ = {
			isa = PBXGroup;
			children = (
				99B838D619C3214B00E4D0FE /* Info.plist */,
			);
			name = "Supporting Files";
			sourceTree = "<group>";
		};
/* End PBXGroup section */

/* Begin PBXNativeTarget section */
		99B838BC19C3214B00E4D0FE /* Punkt */ = {
			isa = PBXNativeTarget;
			buildConfigurationList = 99B838DB19C3214B00E4D0FE /* Build configuration list for PBXNativeTarget "Punkt" */;
			buildPhases = (
				99B838B919C3214B00E4D0FE /* Sources */,
				99B838BA19C3214B00E4D0FE /* Frameworks */,
				99B838BB19C3214B00E4D0FE /* Resources */,
				99B2F52F19CC556200FBDD69 /* Copy Frameworks */,
			);
			buildRules = (
			);
			dependencies = (
			);
			name = Punkt;
			productName = Punkt;
			productReference = 99B838BD19C3214B00E4D0FE /* Punkt.app */;
			productType = "com.apple.product-type.application";
		};
		99B838D019C3214B00E4D0FE /* PunktTests */ = {
			isa = PBXNativeTarget;
			buildConfigurationList = 99B838DE19C3214B00E4D0FE /* Build configuration list for PBXNativeTarget "PunktTests" */;
			buildPhases = (
				99B838CD19C3214B00E4D0FE /* Sources */,
				99B838CE19C3214B00E4D0FE /* Frameworks */,
				99B838CF19C3214B00E4D0FE /* Resources */,
			);
			buildRules = (
			);
			dependencies = (
				99B838D319C3214B00E4D0FE /* PBXTargetDependency */,
			);
			name = PunktTests;
			productName = PunktTests;
			productReference = 99B838D119C3214B00E4D0FE /* PunktTests.xctest */;
			productType = "com.apple.product-type.bundle.unit-test";
		};
/* End PBXNativeTarget section */

/* Begin PBXProject section */
		99B838B519C3214B00E4D0FE /* Project object */ = {
			isa = PBXProject;
			attributes = {
				LastUpgradeCheck = 0600;
				ORGANIZATIONNAME = "Vojtech Rinik";
				TargetAttributes = {
					99B838BC19C3214B00E4D0FE = {
						CreatedOnToolsVersion = 6.1;
					};
					99B838D019C3214B00E4D0FE = {
						CreatedOnToolsVersion = 6.1;
						TestTargetID = 99B838BC19C3214B00E4D0FE;
					};
				};
			};
			buildConfigurationList = 99B838B819C3214B00E4D0FE /* Build configuration list for PBXProject "Punkt" */;
			compatibilityVersion = "Xcode 3.2";
			developmentRegion = English;
			hasScannedForEncodings = 0;
			knownRegions = (
				en,
				Base,
			);
			mainGroup = 99B838B419C3214B00E4D0FE;
			productRefGroup = 99B838BE19C3214B00E4D0FE /* Products */;
			projectDirPath = "";
			projectReferences = (
				{
					ProductGroup = 99B2F52619CC553100FBDD69 /* Products */;
					ProjectRef = 99B2F52519CC553100FBDD69 /* Alamofire.xcodeproj */;
				},
			);
			projectRoot = "";
			targets = (
				99B838BC19C3214B00E4D0FE /* Punkt */,
				99B838D019C3214B00E4D0FE /* PunktTests */,
			);
		};
/* End PBXProject section */

/* Begin PBXReferenceProxy section */
		99B2F52B19CC553100FBDD69 /* Alamofire.framework */ = {
			isa = PBXReferenceProxy;
			fileType = wrapper.framework;
			path = Alamofire.framework;
			remoteRef = 99B2F52A19CC553100FBDD69 /* PBXContainerItemProxy */;
			sourceTree = BUILT_PRODUCTS_DIR;
		};
		99B2F52D19CC553100FBDD69 /* AlamofireTests.xctest */ = {
			isa = PBXReferenceProxy;
			fileType = wrapper.cfbundle;
			path = AlamofireTests.xctest;
			remoteRef = 99B2F52C19CC553100FBDD69 /* PBXContainerItemProxy */;
			sourceTree = BUILT_PRODUCTS_DIR;
		};
/* End PBXReferenceProxy section */

/* Begin PBXResourcesBuildPhase section */
		99B838BB19C3214B00E4D0FE /* Resources */ = {
			isa = PBXResourcesBuildPhase;
			buildActionMask = 2147483647;
			files = (
				99B838C919C3214B00E4D0FE /* Images.xcassets in Resources */,
				99B838CC19C3214B00E4D0FE /* Main.storyboard in Resources */,
			);
			runOnlyForDeploymentPostprocessing = 0;
		};
		99B838CF19C3214B00E4D0FE /* Resources */ = {
			isa = PBXResourcesBuildPhase;
			buildActionMask = 2147483647;
			files = (
			);
			runOnlyForDeploymentPostprocessing = 0;
		};
/* End PBXResourcesBuildPhase section */

/* Begin PBXSourcesBuildPhase section */
		99B838B919C3214B00E4D0FE /* Sources */ = {
			isa = PBXSourcesBuildPhase;
			buildActionMask = 2147483647;
			files = (
				99B838EA19C32D7C00E4D0FE /* NSColor+Hex.m in Sources */,
				99B838E419C3241F00E4D0FE /* BoxKit.swift in Sources */,
				99B838E619C3242B00E4D0FE /* Dollar.swift in Sources */,
				9979EBC519C47B3200229666 /* OAuth2.swift in Sources */,
				9979EBC319C47B3200229666 /* extensions.swift in Sources */,
				99E61DC719CC5CF9009FA914 /* Models.swift in Sources */,
				9979EBCD19C4859400229666 /* AuthController.swift in Sources */,
				99B838C719C3214B00E4D0FE /* AppDelegate.swift in Sources */,
				9979EBC819C47B3200229666 /* OAuth2Request.swift in Sources */,
				9979EBCB19C4848600229666 /* RinikExtensions.swift in Sources */,
				99B838E219C322E600E4D0FE /* TableDelegate.swift in Sources */,
				9979EBC719C47B3200229666 /* OAuth2ImplicitGrant.swift in Sources */,
				99B838C519C3214B00E4D0FE /* ViewController.swift in Sources */,
				99B2F52419CC534B00FBDD69 /* GithubClient.swift in Sources */,
				9979EBC619C47B3200229666 /* OAuth2CodeGrant.swift in Sources */,
				99B838C319C3214B00E4D0FE /* main.swift in Sources */,
			);
			runOnlyForDeploymentPostprocessing = 0;
		};
		99B838CD19C3214B00E4D0FE /* Sources */ = {
			isa = PBXSourcesBuildPhase;
			buildActionMask = 2147483647;
			files = (
				99B838D819C3214B00E4D0FE /* PunktTests.swift in Sources */,
			);
			runOnlyForDeploymentPostprocessing = 0;
		};
/* End PBXSourcesBuildPhase section */

/* Begin PBXTargetDependency section */
		99B838D319C3214B00E4D0FE /* PBXTargetDependency */ = {
			isa = PBXTargetDependency;
			target = 99B838BC19C3214B00E4D0FE /* Punkt */;
			targetProxy = 99B838D219C3214B00E4D0FE /* PBXContainerItemProxy */;
		};
/* End PBXTargetDependency section */

/* Begin PBXVariantGroup section */
		99B838CA19C3214B00E4D0FE /* Main.storyboard */ = {
			isa = PBXVariantGroup;
			children = (
				99B838CB19C3214B00E4D0FE /* Base */,
			);
			name = Main.storyboard;
			sourceTree = "<group>";
		};
/* End PBXVariantGroup section */

/* Begin XCBuildConfiguration section */
		99B838D919C3214B00E4D0FE /* Debug */ = {
			isa = XCBuildConfiguration;
			buildSettings = {
				ALWAYS_SEARCH_USER_PATHS = NO;
				CLANG_CXX_LANGUAGE_STANDARD = "gnu++0x";
				CLANG_CXX_LIBRARY = "libc++";
				CLANG_ENABLE_MODULES = YES;
				CLANG_ENABLE_OBJC_ARC = YES;
				CLANG_WARN_BOOL_CONVERSION = YES;
				CLANG_WARN_CONSTANT_CONVERSION = YES;
				CLANG_WARN_DIRECT_OBJC_ISA_USAGE = YES_ERROR;
				CLANG_WARN_EMPTY_BODY = YES;
				CLANG_WARN_ENUM_CONVERSION = YES;
				CLANG_WARN_INT_CONVERSION = YES;
				CLANG_WARN_OBJC_ROOT_CLASS = YES_ERROR;
				CLANG_WARN_UNREACHABLE_CODE = YES;
				CLANG_WARN__DUPLICATE_METHOD_MATCH = YES;
				CODE_SIGN_IDENTITY = "-";
				COPY_PHASE_STRIP = NO;
				ENABLE_STRICT_OBJC_MSGSEND = YES;
				GCC_C_LANGUAGE_STANDARD = gnu99;
				GCC_DYNAMIC_NO_PIC = NO;
				GCC_OPTIMIZATION_LEVEL = 0;
				GCC_PREPROCESSOR_DEFINITIONS = (
					"DEBUG=1",
					"$(inherited)",
				);
				GCC_SYMBOLS_PRIVATE_EXTERN = NO;
				GCC_WARN_64_TO_32_BIT_CONVERSION = YES;
				GCC_WARN_ABOUT_RETURN_TYPE = YES_ERROR;
				GCC_WARN_UNDECLARED_SELECTOR = YES;
				GCC_WARN_UNINITIALIZED_AUTOS = YES_AGGRESSIVE;
				GCC_WARN_UNUSED_FUNCTION = YES;
				GCC_WARN_UNUSED_VARIABLE = YES;
				MACOSX_DEPLOYMENT_TARGET = 10.10;
				MTL_ENABLE_DEBUG_INFO = YES;
				ONLY_ACTIVE_ARCH = YES;
				SDKROOT = macosx;
				SWIFT_OPTIMIZATION_LEVEL = "-Onone";
			};
			name = Debug;
		};
		99B838DA19C3214B00E4D0FE /* Release */ = {
			isa = XCBuildConfiguration;
			buildSettings = {
				ALWAYS_SEARCH_USER_PATHS = NO;
				CLANG_CXX_LANGUAGE_STANDARD = "gnu++0x";
				CLANG_CXX_LIBRARY = "libc++";
				CLANG_ENABLE_MODULES = YES;
				CLANG_ENABLE_OBJC_ARC = YES;
				CLANG_WARN_BOOL_CONVERSION = YES;
				CLANG_WARN_CONSTANT_CONVERSION = YES;
				CLANG_WARN_DIRECT_OBJC_ISA_USAGE = YES_ERROR;
				CLANG_WARN_EMPTY_BODY = YES;
				CLANG_WARN_ENUM_CONVERSION = YES;
				CLANG_WARN_INT_CONVERSION = YES;
				CLANG_WARN_OBJC_ROOT_CLASS = YES_ERROR;
				CLANG_WARN_UNREACHABLE_CODE = YES;
				CLANG_WARN__DUPLICATE_METHOD_MATCH = YES;
				CODE_SIGN_IDENTITY = "-";
				COPY_PHASE_STRIP = YES;
				DEBUG_INFORMATION_FORMAT = "dwarf-with-dsym";
				ENABLE_NS_ASSERTIONS = NO;
				ENABLE_STRICT_OBJC_MSGSEND = YES;
				GCC_C_LANGUAGE_STANDARD = gnu99;
				GCC_WARN_64_TO_32_BIT_CONVERSION = YES;
				GCC_WARN_ABOUT_RETURN_TYPE = YES_ERROR;
				GCC_WARN_UNDECLARED_SELECTOR = YES;
				GCC_WARN_UNINITIALIZED_AUTOS = YES_AGGRESSIVE;
				GCC_WARN_UNUSED_FUNCTION = YES;
				GCC_WARN_UNUSED_VARIABLE = YES;
				MACOSX_DEPLOYMENT_TARGET = 10.10;
				MTL_ENABLE_DEBUG_INFO = NO;
				SDKROOT = macosx;
			};
			name = Release;
		};
		99B838DC19C3214B00E4D0FE /* Debug */ = {
			isa = XCBuildConfiguration;
			buildSettings = {
				ASSETCATALOG_COMPILER_APPICON_NAME = AppIcon;
				CLANG_ENABLE_MODULES = YES;
				COMBINE_HIDPI_IMAGES = YES;
				INFOPLIST_FILE = Punkt/Info.plist;
				LD_RUNPATH_SEARCH_PATHS = "$(inherited) @executable_path/../Frameworks";
				PRODUCT_NAME = "$(TARGET_NAME)";
				SWIFT_OBJC_BRIDGING_HEADER = "Punkt/Punkt-Bridging-Header.h";
				SWIFT_OPTIMIZATION_LEVEL = "-Onone";
			};
			name = Debug;
		};
		99B838DD19C3214B00E4D0FE /* Release */ = {
			isa = XCBuildConfiguration;
			buildSettings = {
				ASSETCATALOG_COMPILER_APPICON_NAME = AppIcon;
				CLANG_ENABLE_MODULES = YES;
				COMBINE_HIDPI_IMAGES = YES;
				INFOPLIST_FILE = Punkt/Info.plist;
				LD_RUNPATH_SEARCH_PATHS = "$(inherited) @executable_path/../Frameworks";
				PRODUCT_NAME = "$(TARGET_NAME)";
				SWIFT_OBJC_BRIDGING_HEADER = "Punkt/Punkt-Bridging-Header.h";
			};
			name = Release;
		};
		99B838DF19C3214B00E4D0FE /* Debug */ = {
			isa = XCBuildConfiguration;
			buildSettings = {
				BUNDLE_LOADER = "$(TEST_HOST)";
				COMBINE_HIDPI_IMAGES = YES;
				FRAMEWORK_SEARCH_PATHS = (
					"$(DEVELOPER_FRAMEWORKS_DIR)",
					"$(inherited)",
				);
				GCC_PREPROCESSOR_DEFINITIONS = (
					"DEBUG=1",
					"$(inherited)",
				);
				INFOPLIST_FILE = PunktTests/Info.plist;
				LD_RUNPATH_SEARCH_PATHS = "$(inherited) @executable_path/../Frameworks @loader_path/../Frameworks";
				PRODUCT_NAME = "$(TARGET_NAME)";
				TEST_HOST = "$(BUILT_PRODUCTS_DIR)/Punkt.app/Contents/MacOS/Punkt";
			};
			name = Debug;
		};
		99B838E019C3214B00E4D0FE /* Release */ = {
			isa = XCBuildConfiguration;
			buildSettings = {
				BUNDLE_LOADER = "$(TEST_HOST)";
				COMBINE_HIDPI_IMAGES = YES;
				FRAMEWORK_SEARCH_PATHS = (
					"$(DEVELOPER_FRAMEWORKS_DIR)",
					"$(inherited)",
				);
				INFOPLIST_FILE = PunktTests/Info.plist;
				LD_RUNPATH_SEARCH_PATHS = "$(inherited) @executable_path/../Frameworks @loader_path/../Frameworks";
				PRODUCT_NAME = "$(TARGET_NAME)";
				TEST_HOST = "$(BUILT_PRODUCTS_DIR)/Punkt.app/Contents/MacOS/Punkt";
			};
			name = Release;
		};
/* End XCBuildConfiguration section */

/* Begin XCConfigurationList section */
		99B838B819C3214B00E4D0FE /* Build configuration list for PBXProject "Punkt" */ = {
			isa = XCConfigurationList;
			buildConfigurations = (
				99B838D919C3214B00E4D0FE /* Debug */,
				99B838DA19C3214B00E4D0FE /* Release */,
			);
			defaultConfigurationIsVisible = 0;
			defaultConfigurationName = Release;
		};
		99B838DB19C3214B00E4D0FE /* Build configuration list for PBXNativeTarget "Punkt" */ = {
			isa = XCConfigurationList;
			buildConfigurations = (
				99B838DC19C3214B00E4D0FE /* Debug */,
				99B838DD19C3214B00E4D0FE /* Release */,
			);
			defaultConfigurationIsVisible = 0;
			defaultConfigurationName = Release;
		};
		99B838DE19C3214B00E4D0FE /* Build configuration list for PBXNativeTarget "PunktTests" */ = {
			isa = XCConfigurationList;
			buildConfigurations = (
				99B838DF19C3214B00E4D0FE /* Debug */,
				99B838E019C3214B00E4D0FE /* Release */,
			);
			defaultConfigurationIsVisible = 0;
			defaultConfigurationName = Release;
		};
/* End XCConfigurationList section */
	};
	rootObject = 99B838B519C3214B00E4D0FE /* Project object */;
}
